// !$*UTF8*$!
{
	archiveVersion = 1;
	classes = {
	};
	objectVersion = 46;
	objects = {

/* Begin PBXBuildFile section */
		063CA22C1B5DF3AC00F2F0F2 /* AppDelegate.swift in Sources */ = {isa = PBXBuildFile; fileRef = 063CA22B1B5DF3AC00F2F0F2 /* AppDelegate.swift */; };
		063CA22E1B5DF3AC00F2F0F2 /* ViewController.swift in Sources */ = {isa = PBXBuildFile; fileRef = 063CA22D1B5DF3AC00F2F0F2 /* ViewController.swift */; };
		063CA2311B5DF3AC00F2F0F2 /* Main.storyboard in Resources */ = {isa = PBXBuildFile; fileRef = 063CA22F1B5DF3AC00F2F0F2 /* Main.storyboard */; };
		063CA2331B5DF3AC00F2F0F2 /* Images.xcassets in Resources */ = {isa = PBXBuildFile; fileRef = 063CA2321B5DF3AC00F2F0F2 /* Images.xcassets */; };
		063CA2361B5DF3AC00F2F0F2 /* LaunchScreen.xib in Resources */ = {isa = PBXBuildFile; fileRef = 063CA2341B5DF3AC00F2F0F2 /* LaunchScreen.xib */; };
		063CA2421B5DF3AC00F2F0F2 /* demoTests.swift in Sources */ = {isa = PBXBuildFile; fileRef = 063CA2411B5DF3AC00F2F0F2 /* demoTests.swift */; };
/* End PBXBuildFile section */

/* Begin PBXContainerItemProxy section */
		063CA23C1B5DF3AC00F2F0F2 /* PBXContainerItemProxy */ = {
			isa = PBXContainerItemProxy;
			containerPortal = 063CA21E1B5DF3AC00F2F0F2 /* Project object */;
			proxyType = 1;
			remoteGlobalIDString = 063CA2251B5DF3AC00F2F0F2;
			remoteInfo = demo;
		};
/* End PBXContainerItemProxy section */

/* Begin PBXFileReference section */
		063CA2261B5DF3AC00F2F0F2 /* demo.app */ = {isa = PBXFileReference; explicitFileType = wrapper.application; includeInIndex = 0; path = demo.app; sourceTree = BUILT_PRODUCTS_DIR; };
		063CA22A1B5DF3AC00F2F0F2 /* Info.plist */ = {isa = PBXFileReference; lastKnownFileType = text.plist.xml; path = Info.plist; sourceTree = "<group>"; };
		063CA22B1B5DF3AC00F2F0F2 /* AppDelegate.swift */ = {isa = PBXFileReference; lastKnownFileType = sourcecode.swift; path = AppDelegate.swift; sourceTree = "<group>"; };
		063CA22D1B5DF3AC00F2F0F2 /* ViewController.swift */ = {isa = PBXFileReference; lastKnownFileType = sourcecode.swift; path = ViewController.swift; sourceTree = "<group>"; };
		063CA2301B5DF3AC00F2F0F2 /* Base */ = {isa = PBXFileReference; lastKnownFileType = file.storyboard; name = Base; path = Base.lproj/Main.storyboard; sourceTree = "<group>"; };
		063CA2321B5DF3AC00F2F0F2 /* Images.xcassets */ = {isa = PBXFileReference; lastKnownFileType = folder.assetcatalog; path = Images.xcassets; sourceTree = "<group>"; };
		063CA2351B5DF3AC00F2F0F2 /* Base */ = {isa = PBXFileReference; lastKnownFileType = file.xib; name = Base; path = Base.lproj/LaunchScreen.xib; sourceTree = "<group>"; };
		063CA23B1B5DF3AC00F2F0F2 /* demoTests.xctest */ = {isa = PBXFileReference; explicitFileType = wrapper.cfbundle; includeInIndex = 0; path = demoTests.xctest; sourceTree = BUILT_PRODUCTS_DIR; };
		063CA2401B5DF3AC00F2F0F2 /* Info.plist */ = {isa = PBXFileReference; lastKnownFileType = text.plist.xml; path = Info.plist; sourceTree = "<group>"; };
		063CA2411B5DF3AC00F2F0F2 /* demoTests.swift */ = {isa = PBXFileReference; lastKnownFileType = sourcecode.swift; path = demoTests.swift; sourceTree = "<group>"; };
/* End PBXFileReference section */

/* Begin PBXFrameworksBuildPhase section */
		063CA2231B5DF3AC00F2F0F2 /* Frameworks */ = {
			isa = PBXFrameworksBuildPhase;
			buildActionMask = 2147483647;
			files = (
			);
			runOnlyForDeploymentPostprocessing = 0;
		};
		063CA2381B5DF3AC00F2F0F2 /* Frameworks */ = {
			isa = PBXFrameworksBuildPhase;
			buildActionMask = 2147483647;
			files = (
			);
			runOnlyForDeploymentPostprocessing = 0;
		};
/* End PBXFrameworksBuildPhase section */

/* Begin PBXGroup section */
		063CA21D1B5DF3AC00F2F0F2 = {
			isa = PBXGroup;
			children = (
				063CA2281B5DF3AC00F2F0F2 /* demo */,
				063CA23E1B5DF3AC00F2F0F2 /* demoTests */,
				063CA2271B5DF3AC00F2F0F2 /* Products */,
			);
			sourceTree = "<group>";
		};
		063CA2271B5DF3AC00F2F0F2 /* Products */ = {
			isa = PBXGroup;
			children = (
				063CA2261B5DF3AC00F2F0F2 /* demo.app */,
				063CA23B1B5DF3AC00F2F0F2 /* demoTests.xctest */,
			);
			name = Products;
			sourceTree = "<group>";
		};
		063CA2281B5DF3AC00F2F0F2 /* demo */ = {
			isa = PBXGroup;
			children = (
				063CA22B1B5DF3AC00F2F0F2 /* AppDelegate.swift */,
				063CA22D1B5DF3AC00F2F0F2 /* ViewController.swift */,
				063CA22F1B5DF3AC00F2F0F2 /* Main.storyboard */,
				063CA2321B5DF3AC00F2F0F2 /* Images.xcassets */,
				063CA2341B5DF3AC00F2F0F2 /* LaunchScreen.xib */,
				063CA2291B5DF3AC00F2F0F2 /* Supporting Files */,
			);
			path = demo;
			sourceTree = "<group>";
		};
		063CA2291B5DF3AC00F2F0F2 /* Supporting Files */ = {
			isa = PBXGroup;
			children = (
				063CA22A1B5DF3AC00F2F0F2 /* Info.plist */,
			);
			name = "Supporting Files";
			sourceTree = "<group>";
		};
		063CA23E1B5DF3AC00F2F0F2 /* demoTests */ = {
			isa = PBXGroup;
			children = (
				063CA2411B5DF3AC00F2F0F2 /* demoTests.swift */,
				063CA23F1B5DF3AC00F2F0F2 /* Supporting Files */,
			);
			path = demoTests;
			sourceTree = "<group>";
		};
		063CA23F1B5DF3AC00F2F0F2 /* Supporting Files */ = {
			isa = PBXGroup;
			children = (
				063CA2401B5DF3AC00F2F0F2 /* Info.plist */,
			);
			name = "Supporting Files";
			sourceTree = "<group>";
		};
/* End PBXGroup section */

/* Begin PBXNativeTarget section */
		063CA2251B5DF3AC00F2F0F2 /* demo */ = {
			isa = PBXNativeTarget;
			buildConfigurationList = 063CA2451B5DF3AC00F2F0F2 /* Build configuration list for PBXNativeTarget "demo" */;
			buildPhases = (
				063CA2221B5DF3AC00F2F0F2 /* Sources */,
				063CA2231B5DF3AC00F2F0F2 /* Frameworks */,
				063CA2241B5DF3AC00F2F0F2 /* Resources */,
			);
			buildRules = (
			);
			dependencies = (
			);
			name = demo;
			productName = demo;
			productReference = 063CA2261B5DF3AC00F2F0F2 /* demo.app */;
			productType = "com.apple.product-type.application";
		};
		063CA23A1B5DF3AC00F2F0F2 /* demoTests */ = {
			isa = PBXNativeTarget;
			buildConfigurationList = 063CA2481B5DF3AC00F2F0F2 /* Build configuration list for PBXNativeTarget "demoTests" */;
			buildPhases = (
				063CA2371B5DF3AC00F2F0F2 /* Sources */,
				063CA2381B5DF3AC00F2F0F2 /* Frameworks */,
				063CA2391B5DF3AC00F2F0F2 /* Resources */,
			);
			buildRules = (
			);
			dependencies = (
				063CA23D1B5DF3AC00F2F0F2 /* PBXTargetDependency */,
			);
			name = demoTests;
			productName = demoTests;
			productReference = 063CA23B1B5DF3AC00F2F0F2 /* demoTests.xctest */;
			productType = "com.apple.product-type.bundle.unit-test";
		};
/* End PBXNativeTarget section */

/* Begin PBXProject section */
		063CA21E1B5DF3AC00F2F0F2 /* Project object */ = {
			isa = PBXProject;
			attributes = {
				LastUpgradeCheck = 0640;
				ORGANIZATIONNAME = "Liu Peng";
				TargetAttributes = {
					063CA2251B5DF3AC00F2F0F2 = {
						CreatedOnToolsVersion = 6.4;
					};
					063CA23A1B5DF3AC00F2F0F2 = {
						CreatedOnToolsVersion = 6.4;
						TestTargetID = 063CA2251B5DF3AC00F2F0F2;
					};
				};
			};
			buildConfigurationList = 063CA2211B5DF3AC00F2F0F2 /* Build configuration list for PBXProject "demo" */;
			compatibilityVersion = "Xcode 3.2";
			developmentRegion = English;
			hasScannedForEncodings = 0;
			knownRegions = (
				en,
				Base,
			);
			mainGroup = 063CA21D1B5DF3AC00F2F0F2;
			productRefGroup = 063CA2271B5DF3AC00F2F0F2 /* Products */;
			projectDirPath = "";
			projectRoot = "";
			targets = (
				063CA2251B5DF3AC00F2F0F2 /* demo */,
				063CA23A1B5DF3AC00F2F0F2 /* demoTests */,
			);
		};
/* End PBXProject section */

/* Begin PBXResourcesBuildPhase section */
		063CA2241B5DF3AC00F2F0F2 /* Resources */ = {
			isa = PBXResourcesBuildPhase;
			buildActionMask = 2147483647;
			files = (
				063CA2311B5DF3AC00F2F0F2 /* Main.storyboard in Resources */,
				063CA2361B5DF3AC00F2F0F2 /* LaunchScreen.xib in Resources */,
				063CA2331B5DF3AC00F2F0F2 /* Images.xcassets in Resources */,
			);
			runOnlyForDeploymentPostprocessing = 0;
		};
		063CA2391B5DF3AC00F2F0F2 /* Resources */ = {
			isa = PBXResourcesBuildPhase;
			buildActionMask = 2147483647;
			files = (
			);
			runOnlyForDeploymentPostprocessing = 0;
		};
/* End PBXResourcesBuildPhase section */

/* Begin PBXSourcesBuildPhase section */
		063CA2221B5DF3AC00F2F0F2 /* Sources */ = {
			isa = PBXSourcesBuildPhase;
			buildActionMask = 2147483647;
			files = (
				063CA22E1B5DF3AC00F2F0F2 /* ViewController.swift in Sources */,
				063CA22C1B5DF3AC00F2F0F2 /* AppDelegate.swift in Sources */,
			);
			runOnlyForDeploymentPostprocessing = 0;
		};
		063CA2371B5DF3AC00F2F0F2 /* Sources */ = {
			isa = PBXSourcesBuildPhase;
			buildActionMask = 2147483647;
			files = (
				063CA2421B5DF3AC00F2F0F2 /* demoTests.swift in Sources */,
			);
			runOnlyForDeploymentPostprocessing = 0;
		};
/* End PBXSourcesBuildPhase section */

/* Begin PBXTargetDependency section */
		063CA23D1B5DF3AC00F2F0F2 /* PBXTargetDependency */ = {
			isa = PBXTargetDependency;
			target = 063CA2251B5DF3AC00F2F0F2 /* demo */;
			targetProxy = 063CA23C1B5DF3AC00F2F0F2 /* PBXContainerItemProxy */;
		};
/* End PBXTargetDependency section */

/* Begin PBXVariantGroup section */
		063CA22F1B5DF3AC00F2F0F2 /* Main.storyboard */ = {
			isa = PBXVariantGroup;
			children = (
				063CA2301B5DF3AC00F2F0F2 /* Base */,
			);
			name = Main.storyboard;
			sourceTree = "<group>";
		};
		063CA2341B5DF3AC00F2F0F2 /* LaunchScreen.xib */ = {
			isa = PBXVariantGroup;
			children = (
				063CA2351B5DF3AC00F2F0F2 /* Base */,
			);
			name = LaunchScreen.xib;
			sourceTree = "<group>";
		};
/* End PBXVariantGroup section */

/* Begin XCBuildConfiguration section */
		063CA2431B5DF3AC00F2F0F2 /* Debug */ = {
			isa = XCBuildConfiguration;
			buildSettings = {
				ALWAYS_SEARCH_USER_PATHS = NO;
				CLANG_CXX_LANGUAGE_STANDARD = "gnu++0x";
				CLANG_CXX_LIBRARY = "libc++";
				CLANG_ENABLE_MODULES = YES;
				CLANG_ENABLE_OBJC_ARC = YES;
				CLANG_WARN_BOOL_CONVERSION = YES;
				CLANG_WARN_CONSTANT_CONVERSION = YES;
				CLANG_WARN_DIRECT_OBJC_ISA_USAGE = YES_ERROR;
				CLANG_WARN_EMPTY_BODY = YES;
				CLANG_WARN_ENUM_CONVERSION = YES;
				CLANG_WARN_INT_CONVERSION = YES;
				CLANG_WARN_OBJC_ROOT_CLASS = YES_ERROR;
				CLANG_WARN_UNREACHABLE_CODE = YES;
				CLANG_WARN__DUPLICATE_METHOD_MATCH = YES;
				"CODE_SIGN_IDENTITY[sdk=iphoneos*]" = "iPhone Developer";
				COPY_PHASE_STRIP = NO;
				DEBUG_INFORMATION_FORMAT = "dwarf-with-dsym";
				ENABLE_STRICT_OBJC_MSGSEND = YES;
				GCC_C_LANGUAGE_STANDARD = gnu99;
				GCC_DYNAMIC_NO_PIC = NO;
				GCC_NO_COMMON_BLOCKS = YES;
				GCC_OPTIMIZATION_LEVEL = 0;
				GCC_PREPROCESSOR_DEFINITIONS = (
					"DEBUG=1",
					"$(inherited)",
				);
				GCC_SYMBOLS_PRIVATE_EXTERN = NO;
				GCC_WARN_64_TO_32_BIT_CONVERSION = YES;
				GCC_WARN_ABOUT_RETURN_TYPE = YES_ERROR;
				GCC_WARN_UNDECLARED_SELECTOR = YES;
				GCC_WARN_UNINITIALIZED_AUTOS = YES_AGGRESSIVE;
				GCC_WARN_UNUSED_FUNCTION = YES;
				GCC_WARN_UNUSED_VARIABLE = YES;
				IPHONEOS_DEPLOYMENT_TARGET = 8.4;
				MTL_ENABLE_DEBUG_INFO = YES;
				ONLY_ACTIVE_ARCH = YES;
				SDKROOT = iphoneos;
				SWIFT_OPTIMIZATION_LEVEL = "-Onone";
				TARGETED_DEVICE_FAMILY = "1,2";
			};
			name = Debug;
		};
		063CA2441B5DF3AC00F2F0F2 /* Release */ = {
			isa = XCBuildConfiguration;
			buildSettings = {
				ALWAYS_SEARCH_USER_PATHS = NO;
				CLANG_CXX_LANGUAGE_STANDARD = "gnu++0x";
				CLANG_CXX_LIBRARY = "libc++";
				CLANG_ENABLE_MODULES = YES;
				CLANG_ENABLE_OBJC_ARC = YES;
				CLANG_WARN_BOOL_CONVERSION = YES;
				CLANG_WARN_CONSTANT_CONVERSION = YES;
				CLANG_WARN_DIRECT_OBJC_ISA_USAGE = YES_ERROR;
				CLANG_WARN_EMPTY_BODY = YES;
				CLANG_WARN_ENUM_CONVERSION = YES;
				CLANG_WARN_INT_CONVERSION = YES;
				CLANG_WARN_OBJC_ROOT_CLASS = YES_ERROR;
				CLANG_WARN_UNREACHABLE_CODE = YES;
				CLANG_WARN__DUPLICATE_METHOD_MATCH = YES;
				"CODE_SIGN_IDENTITY[sdk=iphoneos*]" = "iPhone Developer";
				COPY_PHASE_STRIP = NO;
				DEBUG_INFORMATION_FORMAT = "dwarf-with-dsym";
				ENABLE_NS_ASSERTIONS = NO;
				ENABLE_STRICT_OBJC_MSGSEND = YES;
				GCC_C_LANGUAGE_STANDARD = gnu99;
				GCC_NO_COMMON_BLOCKS = YES;
				GCC_WARN_64_TO_32_BIT_CONVERSION = YES;
				GCC_WARN_ABOUT_RETURN_TYPE = YES_ERROR;
				GCC_WARN_UNDECLARED_SELECTOR = YES;
				GCC_WARN_UNINITIALIZED_AUTOS = YES_AGGRESSIVE;
				GCC_WARN_UNUSED_FUNCTION = YES;
				GCC_WARN_UNUSED_VARIABLE = YES;
				IPHONEOS_DEPLOYMENT_TARGET = 8.4;
				MTL_ENABLE_DEBUG_INFO = NO;
				SDKROOT = iphoneos;
				TARGETED_DEVICE_FAMILY = "1,2";
				VALIDATE_PRODUCT = YES;
			};
			name = Release;
		};
		063CA2461B5DF3AC00F2F0F2 /* Debug */ = {
			isa = XCBuildConfiguration;
			buildSettings = {
				ASSETCATALOG_COMPILER_APPICON_NAME = AppIcon;
				INFOPLIST_FILE = demo/Info.plist;
				LD_RUNPATH_SEARCH_PATHS = "$(inherited) @executable_path/Frameworks";
				PRODUCT_NAME = "$(TARGET_NAME)";
			};
			name = Debug;
		};
		063CA2471B5DF3AC00F2F0F2 /* Release */ = {
			isa = XCBuildConfiguration;
			buildSettings = {
				ASSETCATALOG_COMPILER_APPICON_NAME = AppIcon;
				INFOPLIST_FILE = demo/Info.plist;
				LD_RUNPATH_SEARCH_PATHS = "$(inherited) @executable_path/Frameworks";
				PRODUCT_NAME = "$(TARGET_NAME)";
			};
			name = Release;
		};
		063CA2491B5DF3AC00F2F0F2 /* Debug */ = {
			isa = XCBuildConfiguration;
			buildSettings = {
				BUNDLE_LOADER = "$(TEST_HOST)";
				FRAMEWORK_SEARCH_PATHS = (
					"$(SDKROOT)/Developer/Library/Frameworks",
					"$(inherited)",
				);
				GCC_PREPROCESSOR_DEFINITIONS = (
					"DEBUG=1",
					"$(inherited)",
				);
				INFOPLIST_FILE = demoTests/Info.plist;
				LD_RUNPATH_SEARCH_PATHS = "$(inherited) @executable_path/Frameworks @loader_path/Frameworks";
				PRODUCT_NAME = "$(TARGET_NAME)";
				TEST_HOST = "$(BUILT_PRODUCTS_DIR)/demo.app/demo";
			};
			name = Debug;
		};
		063CA24A1B5DF3AC00F2F0F2 /* Release */ = {
			isa = XCBuildConfiguration;
			buildSettings = {
				BUNDLE_LOADER = "$(TEST_HOST)";
				FRAMEWORK_SEARCH_PATHS = (
					"$(SDKROOT)/Developer/Library/Frameworks",
					"$(inherited)",
				);
				INFOPLIST_FILE = demoTests/Info.plist;
				LD_RUNPATH_SEARCH_PATHS = "$(inherited) @executable_path/Frameworks @loader_path/Frameworks";
				PRODUCT_NAME = "$(TARGET_NAME)";
				TEST_HOST = "$(BUILT_PRODUCTS_DIR)/demo.app/demo";
			};
			name = Release;
		};
/* End XCBuildConfiguration section */

/* Begin XCConfigurationList section */
		063CA2211B5DF3AC00F2F0F2 /* Build configuration list for PBXProject "demo" */ = {
			isa = XCConfigurationList;
			buildConfigurations = (
				063CA2431B5DF3AC00F2F0F2 /* Debug */,
				063CA2441B5DF3AC00F2F0F2 /* Release */,
			);
			defaultConfigurationIsVisible = 0;
			defaultConfigurationName = Release;
		};
		063CA2451B5DF3AC00F2F0F2 /* Build configuration list for PBXNativeTarget "demo" */ = {
			isa = XCConfigurationList;
			buildConfigurations = (
				063CA2461B5DF3AC00F2F0F2 /* Debug */,
				063CA2471B5DF3AC00F2F0F2 /* Release */,
			);
			defaultConfigurationIsVisible = 0;
		};
		063CA2481B5DF3AC00F2F0F2 /* Build configuration list for PBXNativeTarget "demoTests" */ = {
			isa = XCConfigurationList;
			buildConfigurations = (
				063CA2491B5DF3AC00F2F0F2 /* Debug */,
				063CA24A1B5DF3AC00F2F0F2 /* Release */,
			);
			defaultConfigurationIsVisible = 0;
		};
/* End XCConfigurationList section */
	};
	rootObject = 063CA21E1B5DF3AC00F2F0F2 /* Project object */;
}
